
Microsoft Visual Studio Solution File, Format Version 10.00
# Visual C# Express 2008
Project("{FAE04EC0-301F-11D3-BF4B-00C04F79EFBC}") = "Mdm1Oss1Bho1", "Mdm1Oss1Bho1\Mdm1Oss1Bho1.csproj", "{1B651E53-1D5C-4E8F-8DBF-15BCE93A6505}"
EndProject
Global
	GlobalSection(SolutionConfigurationPlatforms) = preSolution
		Debug|Any CPU = Debug|Any CPU
		Release|Any CPU = Release|Any CPU
	EndGlobalSection
	GlobalSection(ProjectConfigurationPlatforms) = postSolution
		{1B651E53-1D5C-4E8F-8DBF-15BCE93A6505}.Debug|Any CPU.ActiveCfg = Release|Any CPU
		{1B651E53-1D5C-4E8F-8DBF-15BCE93A6505}.Debug|Any CPU.Build.0 = Release|Any CPU
		{1B651E53-1D5C-4E8F-8DBF-15BCE93A6505}.Release|Any CPU.ActiveCfg = Release|Any CPU
		{1B651E53-1D5C-4E8F-8DBF-15BCE93A6505}.Release|Any CPU.Build.0 = Release|Any CPU
	EndGlobalSection
	GlobalSection(SolutionProperties) = preSolution
		HideSolutionNode = FALSE
	EndGlobalSection
EndGlobal
