Microsoft Visual Studio Solution File, Format Version 10.00
# Visual C# Express 2008
Project("{FAE04EC0-301F-11D3-BF4B-00C04F79EFBC}") = "Mdm1Oss1Clipboard1", "Mdm1Oss1Clipboard1.csproj", "{AF20E887-C7E5-4CC0-9FF2-3AFD8590BA70}"
	ProjectSection(ProjectDependencies) = postProject
		{849BF227-E6A3-44B0-9C3F-489EF0E28895} = {849BF227-E6A3-44B0-9C3F-489EF0E28895}
		{2C73982E-0566-475D-9F0F-50E1F0B465F5} = {2C73982E-0566-475D-9F0F-50E1F0B465F5}
		{1531984C-8114-4A1C-A3F6-F8148AE329F8} = {1531984C-8114-4A1C-A3F6-F8148AE329F8}
		{42818566-F9A1-4330-AC46-B2AE909F9862} = {42818566-F9A1-4330-AC46-B2AE909F9862}
		{3C8C2B76-C126-4E0A-9664-43291CD2A301} = {3C8C2B76-C126-4E0A-9664-43291CD2A301}
		{3636617A-3746-4474-8424-876056678D0B} = {3636617A-3746-4474-8424-876056678D0B}
		{933A2699-0E05-42C6-8FD4-E7855FC676E7} = {933A2699-0E05-42C6-8FD4-E7855FC676E7}
		{5E05BE9B-9B21-457B-A24F-28AE07794F8C} = {5E05BE9B-9B21-457B-A24F-28AE07794F8C}
		{C9E462B1-A939-4FBF-843A-8E640062DAC2} = {C9E462B1-A939-4FBF-843A-8E640062DAC2}
	EndProjectSection
EndProject
Project("{FAE04EC0-301F-11D3-BF4B-00C04F79EFBC}") = "Mdm1Oss1Shell1Base1", "..\..\Mdm1Oss1Shell1\Mdm1Oss1Shell1Base1\Mdm1Oss1Shell1Base1.csproj", "{AC94E8A8-74BF-40D5-9E86-2FA87C4C9774}"
EndProject
Project("{FAE04EC0-301F-11D3-BF4B-00C04F79EFBC}") = "Mdm2World1User1", "..\..\..\Mdm2World1\Mdm2World1User1\Mdm2World1User1\Mdm2World1User1.csproj", "{3636617A-3746-4474-8424-876056678D0B}"
	ProjectSection(ProjectDependencies) = postProject
		{3C8C2B76-C126-4E0A-9664-43291CD2A301} = {3C8C2B76-C126-4E0A-9664-43291CD2A301}
		{AC94E8A8-74BF-40D5-9E86-2FA87C4C9774} = {AC94E8A8-74BF-40D5-9E86-2FA87C4C9774}
	EndProjectSection
EndProject
Project("{FAE04EC0-301F-11D3-BF4B-00C04F79EFBC}") = "Mdm1Srt1Transform1", "..\..\..\Mdm1Srt1\Mdm1Srt1Transform1\Mdm1Srt1Transform1.csproj", "{3C8C2B76-C126-4E0A-9664-43291CD2A301}"
	ProjectSection(ProjectDependencies) = postProject
		{849BF227-E6A3-44B0-9C3F-489EF0E28895} = {849BF227-E6A3-44B0-9C3F-489EF0E28895}
		{2C73982E-0566-475D-9F0F-50E1F0B465F5} = {2C73982E-0566-475D-9F0F-50E1F0B465F5}
		{1531984C-8114-4A1C-A3F6-F8148AE329F8} = {1531984C-8114-4A1C-A3F6-F8148AE329F8}
		{42818566-F9A1-4330-AC46-B2AE909F9862} = {42818566-F9A1-4330-AC46-B2AE909F9862}
		{933A2699-0E05-42C6-8FD4-E7855FC676E7} = {933A2699-0E05-42C6-8FD4-E7855FC676E7}
		{5E05BE9B-9B21-457B-A24F-28AE07794F8C} = {5E05BE9B-9B21-457B-A24F-28AE07794F8C}
		{AC94E8A8-74BF-40D5-9E86-2FA87C4C9774} = {AC94E8A8-74BF-40D5-9E86-2FA87C4C9774}
		{C9E462B1-A939-4FBF-843A-8E640062DAC2} = {C9E462B1-A939-4FBF-843A-8E640062DAC2}
	EndProjectSection
EndProject
Project("{FAE04EC0-301F-11D3-BF4B-00C04F79EFBC}") = "Mdm1Oss1File1", "..\..\Mdm1Oss1File1\Mdm1Oss1File1.csproj", "{933A2699-0E05-42C6-8FD4-E7855FC676E7}"
	ProjectSection(ProjectDependencies) = postProject
		{849BF227-E6A3-44B0-9C3F-489EF0E28895} = {849BF227-E6A3-44B0-9C3F-489EF0E28895}
		{2C73982E-0566-475D-9F0F-50E1F0B465F5} = {2C73982E-0566-475D-9F0F-50E1F0B465F5}
		{1531984C-8114-4A1C-A3F6-F8148AE329F8} = {1531984C-8114-4A1C-A3F6-F8148AE329F8}
		{42818566-F9A1-4330-AC46-B2AE909F9862} = {42818566-F9A1-4330-AC46-B2AE909F9862}
		{AC94E8A8-74BF-40D5-9E86-2FA87C4C9774} = {AC94E8A8-74BF-40D5-9E86-2FA87C4C9774}
	EndProjectSection
EndProject
Project("{FAE04EC0-301F-11D3-BF4B-00C04F79EFBC}") = "Mdm2World1Base1", "..\..\..\Mdm2World1\Mdm2World1Base1\Mdm2World1Base1\Mdm2World1Base1.csproj", "{849BF227-E6A3-44B0-9C3F-489EF0E28895}"
EndProject
Project("{FAE04EC0-301F-11D3-BF4B-00C04F79EFBC}") = "Mdm1Oss1Mobject1", "..\..\Mdm1Oss1Mobject1\Mdm1Oss1Mobject1\Mdm1Oss1Mobject1.csproj", "{C9E462B1-A939-4FBF-843A-8E640062DAC2}"
	ProjectSection(ProjectDependencies) = postProject
		{2C73982E-0566-475D-9F0F-50E1F0B465F5} = {2C73982E-0566-475D-9F0F-50E1F0B465F5}
		{AC94E8A8-74BF-40D5-9E86-2FA87C4C9774} = {AC94E8A8-74BF-40D5-9E86-2FA87C4C9774}
	EndProjectSection
EndProject
Project("{FAE04EC0-301F-11D3-BF4B-00C04F79EFBC}") = "Mdm1Oss1Decl1", "..\..\Mdm1Oss1Definitions1\Mdm1Oss1Decl1\Mdm1Oss1Decl1.csproj", "{2C73982E-0566-475D-9F0F-50E1F0B465F5}"
	ProjectSection(ProjectDependencies) = postProject
		{AC94E8A8-74BF-40D5-9E86-2FA87C4C9774} = {AC94E8A8-74BF-40D5-9E86-2FA87C4C9774}
	EndProjectSection
EndProject
Project("{FAE04EC0-301F-11D3-BF4B-00C04F79EFBC}") = "Mdm1Oss1DefBase1", "..\..\Mdm1Oss1Definitions1\Mdm1Oss1DefBase1\Mdm1Oss1DefBase1.csproj", "{1531984C-8114-4A1C-A3F6-F8148AE329F8}"
	ProjectSection(ProjectDependencies) = postProject
		{2C73982E-0566-475D-9F0F-50E1F0B465F5} = {2C73982E-0566-475D-9F0F-50E1F0B465F5}
		{42818566-F9A1-4330-AC46-B2AE909F9862} = {42818566-F9A1-4330-AC46-B2AE909F9862}
		{AC94E8A8-74BF-40D5-9E86-2FA87C4C9774} = {AC94E8A8-74BF-40D5-9E86-2FA87C4C9774}
	EndProjectSection
EndProject
Project("{FAE04EC0-301F-11D3-BF4B-00C04F79EFBC}") = "Mdm1Pick1Syntax1", "..\..\..\Mdm1Pick1\Mdm1Pick1Syntax1\Mdm1Pick1Syntax1.csproj", "{42818566-F9A1-4330-AC46-B2AE909F9862}"
	ProjectSection(ProjectDependencies) = postProject
		{2C73982E-0566-475D-9F0F-50E1F0B465F5} = {2C73982E-0566-475D-9F0F-50E1F0B465F5}
		{AC94E8A8-74BF-40D5-9E86-2FA87C4C9774} = {AC94E8A8-74BF-40D5-9E86-2FA87C4C9774}
	EndProjectSection
EndProject
Project("{FAE04EC0-301F-11D3-BF4B-00C04F79EFBC}") = "Mdm1Pick1Db1", "..\..\..\Mdm1Pick1\Mdm1Pick1Db1\Mdm1Pick1Db1.csproj", "{5E05BE9B-9B21-457B-A24F-28AE07794F8C}"
	ProjectSection(ProjectDependencies) = postProject
		{849BF227-E6A3-44B0-9C3F-489EF0E28895} = {849BF227-E6A3-44B0-9C3F-489EF0E28895}
		{2C73982E-0566-475D-9F0F-50E1F0B465F5} = {2C73982E-0566-475D-9F0F-50E1F0B465F5}
		{1531984C-8114-4A1C-A3F6-F8148AE329F8} = {1531984C-8114-4A1C-A3F6-F8148AE329F8}
		{42818566-F9A1-4330-AC46-B2AE909F9862} = {42818566-F9A1-4330-AC46-B2AE909F9862}
		{AC94E8A8-74BF-40D5-9E86-2FA87C4C9774} = {AC94E8A8-74BF-40D5-9E86-2FA87C4C9774}
	EndProjectSection
EndProject
Global
	GlobalSection(SolutionConfigurationPlatforms) = preSolution
		Debug|Any CPU = Debug|Any CPU
		Release|Any CPU = Release|Any CPU
	EndGlobalSection
	GlobalSection(ProjectConfigurationPlatforms) = postSolution
		{AF20E887-C7E5-4CC0-9FF2-3AFD8590BA70}.Debug|Any CPU.ActiveCfg = Debug|Any CPU
		{AF20E887-C7E5-4CC0-9FF2-3AFD8590BA70}.Debug|Any CPU.Build.0 = Debug|Any CPU
		{AF20E887-C7E5-4CC0-9FF2-3AFD8590BA70}.Release|Any CPU.ActiveCfg = Release|Any CPU
		{AF20E887-C7E5-4CC0-9FF2-3AFD8590BA70}.Release|Any CPU.Build.0 = Release|Any CPU
		{AC94E8A8-74BF-40D5-9E86-2FA87C4C9774}.Debug|Any CPU.ActiveCfg = Debug|Any CPU
		{AC94E8A8-74BF-40D5-9E86-2FA87C4C9774}.Debug|Any CPU.Build.0 = Debug|Any CPU
		{AC94E8A8-74BF-40D5-9E86-2FA87C4C9774}.Release|Any CPU.ActiveCfg = Release|Any CPU
		{AC94E8A8-74BF-40D5-9E86-2FA87C4C9774}.Release|Any CPU.Build.0 = Release|Any CPU
		{3636617A-3746-4474-8424-876056678D0B}.Debug|Any CPU.ActiveCfg = Debug|Any CPU
		{3636617A-3746-4474-8424-876056678D0B}.Debug|Any CPU.Build.0 = Debug|Any CPU
		{3636617A-3746-4474-8424-876056678D0B}.Release|Any CPU.ActiveCfg = Release|Any CPU
		{3636617A-3746-4474-8424-876056678D0B}.Release|Any CPU.Build.0 = Release|Any CPU
		{3C8C2B76-C126-4E0A-9664-43291CD2A301}.Debug|Any CPU.ActiveCfg = Debug|Any CPU
		{3C8C2B76-C126-4E0A-9664-43291CD2A301}.Debug|Any CPU.Build.0 = Debug|Any CPU
		{3C8C2B76-C126-4E0A-9664-43291CD2A301}.Release|Any CPU.ActiveCfg = Release|Any CPU
		{3C8C2B76-C126-4E0A-9664-43291CD2A301}.Release|Any CPU.Build.0 = Release|Any CPU
		{933A2699-0E05-42C6-8FD4-E7855FC676E7}.Debug|Any CPU.ActiveCfg = Debug|Any CPU
		{933A2699-0E05-42C6-8FD4-E7855FC676E7}.Debug|Any CPU.Build.0 = Debug|Any CPU
		{933A2699-0E05-42C6-8FD4-E7855FC676E7}.Release|Any CPU.ActiveCfg = Release|Any CPU
		{933A2699-0E05-42C6-8FD4-E7855FC676E7}.Release|Any CPU.Build.0 = Release|Any CPU
		{849BF227-E6A3-44B0-9C3F-489EF0E28895}.Debug|Any CPU.ActiveCfg = Debug|Any CPU
		{849BF227-E6A3-44B0-9C3F-489EF0E28895}.Debug|Any CPU.Build.0 = Debug|Any CPU
		{849BF227-E6A3-44B0-9C3F-489EF0E28895}.Release|Any CPU.ActiveCfg = Release|Any CPU
		{849BF227-E6A3-44B0-9C3F-489EF0E28895}.Release|Any CPU.Build.0 = Release|Any CPU
		{C9E462B1-A939-4FBF-843A-8E640062DAC2}.Debug|Any CPU.ActiveCfg = Debug|Any CPU
		{C9E462B1-A939-4FBF-843A-8E640062DAC2}.Debug|Any CPU.Build.0 = Debug|Any CPU
		{C9E462B1-A939-4FBF-843A-8E640062DAC2}.Release|Any CPU.ActiveCfg = Release|Any CPU
		{C9E462B1-A939-4FBF-843A-8E640062DAC2}.Release|Any CPU.Build.0 = Release|Any CPU
		{2C73982E-0566-475D-9F0F-50E1F0B465F5}.Debug|Any CPU.ActiveCfg = Debug|Any CPU
		{2C73982E-0566-475D-9F0F-50E1F0B465F5}.Debug|Any CPU.Build.0 = Debug|Any CPU
		{2C73982E-0566-475D-9F0F-50E1F0B465F5}.Release|Any CPU.ActiveCfg = Release|Any CPU
		{2C73982E-0566-475D-9F0F-50E1F0B465F5}.Release|Any CPU.Build.0 = Release|Any CPU
		{1531984C-8114-4A1C-A3F6-F8148AE329F8}.Debug|Any CPU.ActiveCfg = Debug|Any CPU
		{1531984C-8114-4A1C-A3F6-F8148AE329F8}.Debug|Any CPU.Build.0 = Debug|Any CPU
		{1531984C-8114-4A1C-A3F6-F8148AE329F8}.Release|Any CPU.ActiveCfg = Release|Any CPU
		{1531984C-8114-4A1C-A3F6-F8148AE329F8}.Release|Any CPU.Build.0 = Release|Any CPU
		{42818566-F9A1-4330-AC46-B2AE909F9862}.Debug|Any CPU.ActiveCfg = Debug|Any CPU
		{42818566-F9A1-4330-AC46-B2AE909F9862}.Debug|Any CPU.Build.0 = Debug|Any CPU
		{42818566-F9A1-4330-AC46-B2AE909F9862}.Release|Any CPU.ActiveCfg = Release|Any CPU
		{42818566-F9A1-4330-AC46-B2AE909F9862}.Release|Any CPU.Build.0 = Release|Any CPU
		{5E05BE9B-9B21-457B-A24F-28AE07794F8C}.Debug|Any CPU.ActiveCfg = Debug|Any CPU
		{5E05BE9B-9B21-457B-A24F-28AE07794F8C}.Debug|Any CPU.Build.0 = Debug|Any CPU
		{5E05BE9B-9B21-457B-A24F-28AE07794F8C}.Release|Any CPU.ActiveCfg = Release|Any CPU
		{5E05BE9B-9B21-457B-A24F-28AE07794F8C}.Release|Any CPU.Build.0 = Release|Any CPU
	EndGlobalSection
	GlobalSection(SolutionProperties) = preSolution
		HideSolutionNode = FALSE
	EndGlobalSection
EndGlobal
