
Microsoft Visual Studio Solution File, Format Version 12.00
# Visual Studio 14
VisualStudioVersion = 14.0.24720.0
MinimumVisualStudioVersion = 10.0.40219.1
Project("{FAE04EC0-301F-11D3-BF4B-00C04F79EFBC}") = "Mdm1Oss1Shell1Base1", "Mdm1Oss1Shell1Base1.csproj", "{AC94E8A8-74BF-40D5-9E86-2FA87C4C9774}"
EndProject
Global
	GlobalSection(SolutionConfigurationPlatforms) = preSolution
		Debug|Any CPU = Debug|Any CPU
		Release|Any CPU = Release|Any CPU
	EndGlobalSection
	GlobalSection(ProjectConfigurationPlatforms) = postSolution
		{AC94E8A8-74BF-40D5-9E86-2FA87C4C9774}.Debug|Any CPU.ActiveCfg = Debug|Any CPU
		{AC94E8A8-74BF-40D5-9E86-2FA87C4C9774}.Debug|Any CPU.Build.0 = Debug|Any CPU
		{AC94E8A8-74BF-40D5-9E86-2FA87C4C9774}.Release|Any CPU.ActiveCfg = Release|Any CPU
		{AC94E8A8-74BF-40D5-9E86-2FA87C4C9774}.Release|Any CPU.Build.0 = Release|Any CPU
	EndGlobalSection
	GlobalSection(SolutionProperties) = preSolution
		HideSolutionNode = FALSE
	EndGlobalSection
EndGlobal
