
Microsoft Visual Studio Solution File, Format Version 10.00
# Visual C# Express 2008
Project("{FAE04EC0-301F-11D3-BF4B-00C04F79EFBC}") = "MdmBho1ClassLibrary1", "MdmBho1ClassLibrary1\MdmBho1ClassLibrary1.csproj", "{48C12E3B-6A53-40FE-975B-E41306A01A88}"
EndProject
Global
	GlobalSection(SolutionConfigurationPlatforms) = preSolution
		Debug|Any CPU = Debug|Any CPU
		Release|Any CPU = Release|Any CPU
	EndGlobalSection
	GlobalSection(ProjectConfigurationPlatforms) = postSolution
		{48C12E3B-6A53-40FE-975B-E41306A01A88}.Debug|Any CPU.ActiveCfg = Debug|Any CPU
		{48C12E3B-6A53-40FE-975B-E41306A01A88}.Debug|Any CPU.Build.0 = Debug|Any CPU
		{48C12E3B-6A53-40FE-975B-E41306A01A88}.Release|Any CPU.ActiveCfg = Release|Any CPU
		{48C12E3B-6A53-40FE-975B-E41306A01A88}.Release|Any CPU.Build.0 = Release|Any CPU
	EndGlobalSection
	GlobalSection(SolutionProperties) = preSolution
		HideSolutionNode = FALSE
	EndGlobalSection
EndGlobal
