
Microsoft Visual Studio Solution File, Format Version 10.00
# Visual C++ Express 2008
Project("{8BC9CEB8-8B4A-11D0-8D11-00A0C91BC942}") = "Mdm1Oss1Page1", "Mdm1Oss1Page1.vcproj", "{0776EF0E-4B8A-4679-963F-3F670246D887}"
EndProject
Global
	GlobalSection(SolutionConfigurationPlatforms) = preSolution
		Debug|Win32 = Debug|Win32
		Release|Win32 = Release|Win32
	EndGlobalSection
	GlobalSection(ProjectConfigurationPlatforms) = postSolution
		{0776EF0E-4B8A-4679-963F-3F670246D887}.Debug|Win32.ActiveCfg = Debug|Win32
		{0776EF0E-4B8A-4679-963F-3F670246D887}.Debug|Win32.Build.0 = Debug|Win32
		{0776EF0E-4B8A-4679-963F-3F670246D887}.Release|Win32.ActiveCfg = Release|Win32
		{0776EF0E-4B8A-4679-963F-3F670246D887}.Release|Win32.Build.0 = Release|Win32
	EndGlobalSection
	GlobalSection(SolutionProperties) = preSolution
		HideSolutionNode = FALSE
	EndGlobalSection
EndGlobal
