
Microsoft Visual Studio Solution File, Format Version 10.00
# Visual C++ Express 2008
Project("{8BC9CEB8-8B4A-11D0-8D11-00A0C91BC942}") = "Mdm1Oss1Display1", "Mdm1Oss1Display1\Mdm1Oss1Display1.vcproj", "{A7EB8BC2-ED05-421A-8BA2-46B5EBA80B49}"
EndProject
Global
	GlobalSection(SolutionConfigurationPlatforms) = preSolution
		Debug|Win32 = Debug|Win32
		Release|Win32 = Release|Win32
	EndGlobalSection
	GlobalSection(ProjectConfigurationPlatforms) = postSolution
		{A7EB8BC2-ED05-421A-8BA2-46B5EBA80B49}.Debug|Win32.ActiveCfg = Debug|Win32
		{A7EB8BC2-ED05-421A-8BA2-46B5EBA80B49}.Debug|Win32.Build.0 = Debug|Win32
		{A7EB8BC2-ED05-421A-8BA2-46B5EBA80B49}.Release|Win32.ActiveCfg = Release|Win32
		{A7EB8BC2-ED05-421A-8BA2-46B5EBA80B49}.Release|Win32.Build.0 = Release|Win32
	EndGlobalSection
	GlobalSection(SolutionProperties) = preSolution
		HideSolutionNode = FALSE
	EndGlobalSection
EndGlobal
